
Microsoft Visual Studio Solution File, Format Version 12.00
# Visual Studio Version 17
VisualStudioVersion = 17.14.36518.9
MinimumVisualStudioVersion = 10.0.40219.1
Project("{FAE04EC0-301F-11D3-BF4B-00C04F79EFBC}") = "OneClicker", "OneClicker\OneClicker.csproj", "{6889E0FA-29FE-4FAD-9FA8-6091CE941BE9}"
	ProjectSection(ProjectDependencies) = postProject
		{093FC698-28BD-4B96-8268-149CE29D24ED} = {093FC698-28BD-4B96-8268-149CE29D24ED}
	EndProjectSection
EndProject
Project("{FAE04EC0-301F-11D3-BF4B-00C04F79EFBC}") = "OneClicker.Tests", "OneClicker.Tests\OneClicker.Tests.csproj", "{FC677EB0-A753-453F-8B73-AEFC2C532440}"
EndProject
Project("{FAE04EC0-301F-11D3-BF4B-00C04F79EFBC}") = "BassCommon", "BassCommon\BassCommon.csproj", "{BE7C7E9B-96A4-DB81-C809-2E42B5B5E777}"
EndProject
Project("{FAE04EC0-301F-11D3-BF4B-00C04F79EFBC}") = "FolderViewer", "Plugins\FolderViewer\FolderViewer.csproj", "{093FC698-28BD-4B96-8268-149CE29D24ED}"
EndProject
Project("{FAE04EC0-301F-11D3-BF4B-00C04F79EFBC}") = "PluginContracts", "PluginContracts\PluginContracts.csproj", "{EB9EE1E7-0128-41BD-852B-FC0E9D330A21}"
EndProject
Global
	GlobalSection(SolutionConfigurationPlatforms) = preSolution
		Debug|Any CPU = Debug|Any CPU
		Release|Any CPU = Release|Any CPU
	EndGlobalSection
	GlobalSection(ProjectConfigurationPlatforms) = postSolution
		{6889E0FA-29FE-4FAD-9FA8-6091CE941BE9}.Debug|Any CPU.ActiveCfg = Debug|Any CPU
		{6889E0FA-29FE-4FAD-9FA8-6091CE941BE9}.Debug|Any CPU.Build.0 = Debug|Any CPU
		{6889E0FA-29FE-4FAD-9FA8-6091CE941BE9}.Release|Any CPU.ActiveCfg = Release|Any CPU
		{6889E0FA-29FE-4FAD-9FA8-6091CE941BE9}.Release|Any CPU.Build.0 = Release|Any CPU
		{FC677EB0-A753-453F-8B73-AEFC2C532440}.Debug|Any CPU.ActiveCfg = Debug|Any CPU
		{FC677EB0-A753-453F-8B73-AEFC2C532440}.Debug|Any CPU.Build.0 = Debug|Any CPU
		{FC677EB0-A753-453F-8B73-AEFC2C532440}.Release|Any CPU.ActiveCfg = Release|Any CPU
		{FC677EB0-A753-453F-8B73-AEFC2C532440}.Release|Any CPU.Build.0 = Release|Any CPU
		{BE7C7E9B-96A4-DB81-C809-2E42B5B5E777}.Debug|Any CPU.ActiveCfg = Debug|Any CPU
		{BE7C7E9B-96A4-DB81-C809-2E42B5B5E777}.Debug|Any CPU.Build.0 = Debug|Any CPU
		{BE7C7E9B-96A4-DB81-C809-2E42B5B5E777}.Release|Any CPU.ActiveCfg = Release|Any CPU
		{BE7C7E9B-96A4-DB81-C809-2E42B5B5E777}.Release|Any CPU.Build.0 = Release|Any CPU
		{093FC698-28BD-4B96-8268-149CE29D24ED}.Debug|Any CPU.ActiveCfg = Debug|Any CPU
		{093FC698-28BD-4B96-8268-149CE29D24ED}.Debug|Any CPU.Build.0 = Debug|Any CPU
		{093FC698-28BD-4B96-8268-149CE29D24ED}.Release|Any CPU.ActiveCfg = Release|Any CPU
		{093FC698-28BD-4B96-8268-149CE29D24ED}.Release|Any CPU.Build.0 = Release|Any CPU
		{EB9EE1E7-0128-41BD-852B-FC0E9D330A21}.Debug|Any CPU.ActiveCfg = Debug|Any CPU
		{EB9EE1E7-0128-41BD-852B-FC0E9D330A21}.Debug|Any CPU.Build.0 = Debug|Any CPU
		{EB9EE1E7-0128-41BD-852B-FC0E9D330A21}.Release|Any CPU.ActiveCfg = Release|Any CPU
		{EB9EE1E7-0128-41BD-852B-FC0E9D330A21}.Release|Any CPU.Build.0 = Release|Any CPU
	EndGlobalSection
	GlobalSection(SolutionProperties) = preSolution
		HideSolutionNode = FALSE
	EndGlobalSection
	GlobalSection(ExtensibilityGlobals) = postSolution
		SolutionGuid = {F1276BEA-6B6C-4CB6-8B29-B4C8E33D5138}
	EndGlobalSection
EndGlobal
